
Microsoft Visual Studio Solution File, Format Version 12.00
# Visual Studio Version 17
VisualStudioVersion = 17.3.32922.545
MinimumVisualStudioVersion = 10.0.40219.1
Project("{9A19103F-16F7-4668-BE54-9A1E7A4F7556}") = "Test", "Test.csproj", "{573A74F4-7E84-43BD-9EB7-2FA52AE654D8}"
EndProject
Global
	GlobalSection(SolutionConfigurationPlatforms) = preSolution
		Debug|Any CPU = Debug|Any CPU
		Release|Any CPU = Release|Any CPU
	EndGlobalSection
	GlobalSection(ProjectConfigurationPlatforms) = postSolution
		{573A74F4-7E84-43BD-9EB7-2FA52AE654D8}.Debug|Any CPU.ActiveCfg = Debug|Any CPU
		{573A74F4-7E84-43BD-9EB7-2FA52AE654D8}.Debug|Any CPU.Build.0 = Debug|Any CPU
		{573A74F4-7E84-43BD-9EB7-2FA52AE654D8}.Release|Any CPU.ActiveCfg = Release|Any CPU
		{573A74F4-7E84-43BD-9EB7-2FA52AE654D8}.Release|Any CPU.Build.0 = Release|Any CPU
	EndGlobalSection
	GlobalSection(SolutionProperties) = preSolution
		HideSolutionNode = FALSE
	EndGlobalSection
	GlobalSection(ExtensibilityGlobals) = postSolution
		SolutionGuid = {46F4BFCE-F6A5-4419-8AC6-F63387A518FA}
	EndGlobalSection
EndGlobal
